
Microsoft Visual Studio Solution File, Format Version 12.00
# Visual Studio Version 16
VisualStudioVersion = 16.0.31205.134
MinimumVisualStudioVersion = 10.0.40219.1
Project("{FAE04EC0-301F-11D3-BF4B-00C04F79EFBC}") = "GetOffMyLawn", "GetOffMyLawn\GetOffMyLawn.csproj", "{514D9344-A1B0-4EDF-93A8-17C7AE859946}"
EndProject
Project("{2150E333-8FDC-42A3-9474-1A3956D46DE8}") = "Solution Items", "Solution Items", "{625013F1-80A3-402C-B631-E5D52A9681C2}"
	ProjectSection(SolutionItems) = preProject
		.editorconfig = .editorconfig
		Environment.props = Environment.props
	EndProjectSection
EndProject
Project("{FAE04EC0-301F-11D3-BF4B-00C04F79EFBC}") = "OdinSaves", "OdinSaves\OdinSaves.csproj", "{649FAD21-6342-4434-8747-28DB2FE311BC}"
EndProject
Project("{FAE04EC0-301F-11D3-BF4B-00C04F79EFBC}") = "LetMePlay", "LetMePlay\LetMePlay.csproj", "{89EF3289-8B5A-4174-8B1E-A082AB4FE9BE}"
EndProject
Project("{FAE04EC0-301F-11D3-BF4B-00C04F79EFBC}") = "TorchesAndResin", "TorchesAndResin\TorchesAndResin.csproj", "{0DCD6A5F-93EE-4E00-B8DF-8720D1176557}"
EndProject
Project("{FAE04EC0-301F-11D3-BF4B-00C04F79EFBC}") = "SkyTree", "SkyTree\SkyTree.csproj", "{32AA79EA-ACBC-40B2-955C-3BAC3A852367}"
EndProject
Project("{FAE04EC0-301F-11D3-BF4B-00C04F79EFBC}") = "ColorfulLights", "ColorfulLights\ColorfulLights.csproj", "{7B47B8F8-811B-488B-A8EE-D20EC60F25F3}"
EndProject
Project("{FAE04EC0-301F-11D3-BF4B-00C04F79EFBC}") = "ColorfulWards", "ColorfulWards\ColorfulWards.csproj", "{D1397EA5-483E-42F8-9FEC-AA29755AAAF1}"
EndProject
Project("{FAE04EC0-301F-11D3-BF4B-00C04F79EFBC}") = "ColorfulPortals", "ColorfulPortals\ColorfulPortals.csproj", "{77BCDD82-4A30-4874-ADBA-3B9DD9DD6CCB}"
EndProject
Project("{FAE04EC0-301F-11D3-BF4B-00C04F79EFBC}") = "ColorfulPieces", "ColorfulPieces\ColorfulPieces.csproj", "{BFAA6B86-51A5-42A3-83A5-AF812A989C5A}"
EndProject
Project("{FAE04EC0-301F-11D3-BF4B-00C04F79EFBC}") = "YachtClub", "YachtClub\YachtClub.csproj", "{9D96B8E2-F417-46E6-BDE9-05A32EC504CD}"
EndProject
Project("{FAE04EC0-301F-11D3-BF4B-00C04F79EFBC}") = "DyeHard", "DyeHard\DyeHard.csproj", "{7C3156D5-B19A-467C-BF87-D37AEACCBC56}"
EndProject
Project("{FAE04EC0-301F-11D3-BF4B-00C04F79EFBC}") = "EulersRuler", "EulersRuler\EulersRuler.csproj", "{86A1824A-1BBE-404B-A4E3-F619D06CA938}"
EndProject
Project("{FAE04EC0-301F-11D3-BF4B-00C04F79EFBC}") = "BetterZeeLog", "BetterZeeLog\BetterZeeLog.csproj", "{D1094B63-AB04-4330-B85E-D68E855E2E04}"
EndProject
Project("{FAE04EC0-301F-11D3-BF4B-00C04F79EFBC}") = "BetterConnectPanel", "BetterConnectPanel\BetterConnectPanel.csproj", "{5A1E27DB-61CA-4120-8809-388F3BD65329}"
EndProject
Project("{FAE04EC0-301F-11D3-BF4B-00C04F79EFBC}") = "BetterZeeDeeOhs", "BetterZeeDeeOhs\BetterZeeDeeOhs.csproj", "{AD9046E8-110B-4326-BC37-7D879DA3B3F1}"
EndProject
Project("{FAE04EC0-301F-11D3-BF4B-00C04F79EFBC}") = "Silence", "Silence\Silence.csproj", "{80FE78CC-4CBB-4A45-9790-809B6ED70B46}"
EndProject
Project("{FAE04EC0-301F-11D3-BF4B-00C04F79EFBC}") = "Shortcuts", "Shortcuts\Shortcuts.csproj", "{149D97C3-4482-49C6-AB51-74F0164D425A}"
EndProject
Project("{FAE04EC0-301F-11D3-BF4B-00C04F79EFBC}") = "CarbonCopy", "CarbonCopy\CarbonCopy.csproj", "{CDD1B039-AB8A-44E9-B7AC-1236E72B8CFC}"
EndProject
Global
	GlobalSection(SolutionConfigurationPlatforms) = preSolution
		Debug|Any CPU = Debug|Any CPU
		Release|Any CPU = Release|Any CPU
	EndGlobalSection
	GlobalSection(ProjectConfigurationPlatforms) = postSolution
		{514D9344-A1B0-4EDF-93A8-17C7AE859946}.Debug|Any CPU.ActiveCfg = Debug|Any CPU
		{514D9344-A1B0-4EDF-93A8-17C7AE859946}.Debug|Any CPU.Build.0 = Debug|Any CPU
		{514D9344-A1B0-4EDF-93A8-17C7AE859946}.Release|Any CPU.ActiveCfg = Release|Any CPU
		{514D9344-A1B0-4EDF-93A8-17C7AE859946}.Release|Any CPU.Build.0 = Release|Any CPU
		{649FAD21-6342-4434-8747-28DB2FE311BC}.Debug|Any CPU.ActiveCfg = Debug|Any CPU
		{649FAD21-6342-4434-8747-28DB2FE311BC}.Debug|Any CPU.Build.0 = Debug|Any CPU
		{649FAD21-6342-4434-8747-28DB2FE311BC}.Release|Any CPU.ActiveCfg = Release|Any CPU
		{649FAD21-6342-4434-8747-28DB2FE311BC}.Release|Any CPU.Build.0 = Release|Any CPU
		{89EF3289-8B5A-4174-8B1E-A082AB4FE9BE}.Debug|Any CPU.ActiveCfg = Debug|Any CPU
		{89EF3289-8B5A-4174-8B1E-A082AB4FE9BE}.Debug|Any CPU.Build.0 = Debug|Any CPU
		{89EF3289-8B5A-4174-8B1E-A082AB4FE9BE}.Release|Any CPU.ActiveCfg = Release|Any CPU
		{89EF3289-8B5A-4174-8B1E-A082AB4FE9BE}.Release|Any CPU.Build.0 = Release|Any CPU
		{0DCD6A5F-93EE-4E00-B8DF-8720D1176557}.Debug|Any CPU.ActiveCfg = Debug|Any CPU
		{0DCD6A5F-93EE-4E00-B8DF-8720D1176557}.Debug|Any CPU.Build.0 = Debug|Any CPU
		{0DCD6A5F-93EE-4E00-B8DF-8720D1176557}.Release|Any CPU.ActiveCfg = Release|Any CPU
		{0DCD6A5F-93EE-4E00-B8DF-8720D1176557}.Release|Any CPU.Build.0 = Release|Any CPU
		{32AA79EA-ACBC-40B2-955C-3BAC3A852367}.Debug|Any CPU.ActiveCfg = Debug|Any CPU
		{32AA79EA-ACBC-40B2-955C-3BAC3A852367}.Debug|Any CPU.Build.0 = Debug|Any CPU
		{32AA79EA-ACBC-40B2-955C-3BAC3A852367}.Release|Any CPU.ActiveCfg = Release|Any CPU
		{32AA79EA-ACBC-40B2-955C-3BAC3A852367}.Release|Any CPU.Build.0 = Release|Any CPU
		{7B47B8F8-811B-488B-A8EE-D20EC60F25F3}.Debug|Any CPU.ActiveCfg = Debug|Any CPU
		{7B47B8F8-811B-488B-A8EE-D20EC60F25F3}.Debug|Any CPU.Build.0 = Debug|Any CPU
		{7B47B8F8-811B-488B-A8EE-D20EC60F25F3}.Release|Any CPU.ActiveCfg = Release|Any CPU
		{7B47B8F8-811B-488B-A8EE-D20EC60F25F3}.Release|Any CPU.Build.0 = Release|Any CPU
		{D1397EA5-483E-42F8-9FEC-AA29755AAAF1}.Debug|Any CPU.ActiveCfg = Debug|Any CPU
		{D1397EA5-483E-42F8-9FEC-AA29755AAAF1}.Debug|Any CPU.Build.0 = Debug|Any CPU
		{D1397EA5-483E-42F8-9FEC-AA29755AAAF1}.Release|Any CPU.ActiveCfg = Release|Any CPU
		{D1397EA5-483E-42F8-9FEC-AA29755AAAF1}.Release|Any CPU.Build.0 = Release|Any CPU
		{77BCDD82-4A30-4874-ADBA-3B9DD9DD6CCB}.Debug|Any CPU.ActiveCfg = Debug|Any CPU
		{77BCDD82-4A30-4874-ADBA-3B9DD9DD6CCB}.Debug|Any CPU.Build.0 = Debug|Any CPU
		{77BCDD82-4A30-4874-ADBA-3B9DD9DD6CCB}.Release|Any CPU.ActiveCfg = Release|Any CPU
		{77BCDD82-4A30-4874-ADBA-3B9DD9DD6CCB}.Release|Any CPU.Build.0 = Release|Any CPU
		{BFAA6B86-51A5-42A3-83A5-AF812A989C5A}.Debug|Any CPU.ActiveCfg = Debug|Any CPU
		{BFAA6B86-51A5-42A3-83A5-AF812A989C5A}.Debug|Any CPU.Build.0 = Debug|Any CPU
		{BFAA6B86-51A5-42A3-83A5-AF812A989C5A}.Release|Any CPU.ActiveCfg = Release|Any CPU
		{BFAA6B86-51A5-42A3-83A5-AF812A989C5A}.Release|Any CPU.Build.0 = Release|Any CPU
		{9D96B8E2-F417-46E6-BDE9-05A32EC504CD}.Debug|Any CPU.ActiveCfg = Debug|Any CPU
		{9D96B8E2-F417-46E6-BDE9-05A32EC504CD}.Debug|Any CPU.Build.0 = Debug|Any CPU
		{9D96B8E2-F417-46E6-BDE9-05A32EC504CD}.Release|Any CPU.ActiveCfg = Release|Any CPU
		{9D96B8E2-F417-46E6-BDE9-05A32EC504CD}.Release|Any CPU.Build.0 = Release|Any CPU
		{7C3156D5-B19A-467C-BF87-D37AEACCBC56}.Debug|Any CPU.ActiveCfg = Debug|Any CPU
		{7C3156D5-B19A-467C-BF87-D37AEACCBC56}.Debug|Any CPU.Build.0 = Debug|Any CPU
		{7C3156D5-B19A-467C-BF87-D37AEACCBC56}.Release|Any CPU.ActiveCfg = Release|Any CPU
		{7C3156D5-B19A-467C-BF87-D37AEACCBC56}.Release|Any CPU.Build.0 = Release|Any CPU
		{86A1824A-1BBE-404B-A4E3-F619D06CA938}.Debug|Any CPU.ActiveCfg = Debug|Any CPU
		{86A1824A-1BBE-404B-A4E3-F619D06CA938}.Debug|Any CPU.Build.0 = Debug|Any CPU
		{86A1824A-1BBE-404B-A4E3-F619D06CA938}.Release|Any CPU.ActiveCfg = Release|Any CPU
		{86A1824A-1BBE-404B-A4E3-F619D06CA938}.Release|Any CPU.Build.0 = Release|Any CPU
		{D1094B63-AB04-4330-B85E-D68E855E2E04}.Debug|Any CPU.ActiveCfg = Debug|Any CPU
		{D1094B63-AB04-4330-B85E-D68E855E2E04}.Debug|Any CPU.Build.0 = Debug|Any CPU
		{D1094B63-AB04-4330-B85E-D68E855E2E04}.Release|Any CPU.ActiveCfg = Release|Any CPU
		{D1094B63-AB04-4330-B85E-D68E855E2E04}.Release|Any CPU.Build.0 = Release|Any CPU
		{5A1E27DB-61CA-4120-8809-388F3BD65329}.Debug|Any CPU.ActiveCfg = Debug|Any CPU
		{5A1E27DB-61CA-4120-8809-388F3BD65329}.Debug|Any CPU.Build.0 = Debug|Any CPU
		{5A1E27DB-61CA-4120-8809-388F3BD65329}.Release|Any CPU.ActiveCfg = Release|Any CPU
		{5A1E27DB-61CA-4120-8809-388F3BD65329}.Release|Any CPU.Build.0 = Release|Any CPU
		{AD9046E8-110B-4326-BC37-7D879DA3B3F1}.Debug|Any CPU.ActiveCfg = Debug|Any CPU
		{AD9046E8-110B-4326-BC37-7D879DA3B3F1}.Debug|Any CPU.Build.0 = Debug|Any CPU
		{AD9046E8-110B-4326-BC37-7D879DA3B3F1}.Release|Any CPU.ActiveCfg = Release|Any CPU
		{AD9046E8-110B-4326-BC37-7D879DA3B3F1}.Release|Any CPU.Build.0 = Release|Any CPU
		{80FE78CC-4CBB-4A45-9790-809B6ED70B46}.Debug|Any CPU.ActiveCfg = Debug|Any CPU
		{80FE78CC-4CBB-4A45-9790-809B6ED70B46}.Debug|Any CPU.Build.0 = Debug|Any CPU
		{80FE78CC-4CBB-4A45-9790-809B6ED70B46}.Release|Any CPU.ActiveCfg = Release|Any CPU
		{80FE78CC-4CBB-4A45-9790-809B6ED70B46}.Release|Any CPU.Build.0 = Release|Any CPU
		{149D97C3-4482-49C6-AB51-74F0164D425A}.Debug|Any CPU.ActiveCfg = Debug|Any CPU
		{149D97C3-4482-49C6-AB51-74F0164D425A}.Debug|Any CPU.Build.0 = Debug|Any CPU
		{149D97C3-4482-49C6-AB51-74F0164D425A}.Release|Any CPU.ActiveCfg = Release|Any CPU
		{149D97C3-4482-49C6-AB51-74F0164D425A}.Release|Any CPU.Build.0 = Release|Any CPU
		{CDD1B039-AB8A-44E9-B7AC-1236E72B8CFC}.Debug|Any CPU.ActiveCfg = Debug|Any CPU
		{CDD1B039-AB8A-44E9-B7AC-1236E72B8CFC}.Debug|Any CPU.Build.0 = Debug|Any CPU
		{CDD1B039-AB8A-44E9-B7AC-1236E72B8CFC}.Release|Any CPU.ActiveCfg = Release|Any CPU
		{CDD1B039-AB8A-44E9-B7AC-1236E72B8CFC}.Release|Any CPU.Build.0 = Release|Any CPU
	EndGlobalSection
	GlobalSection(SolutionProperties) = preSolution
		HideSolutionNode = FALSE
	EndGlobalSection
	GlobalSection(ExtensibilityGlobals) = postSolution
		SolutionGuid = {7DCF26FA-FA87-4079-9F39-699DFB3BB472}
	EndGlobalSection
EndGlobal
